
Microsoft Visual Studio Solution File, Format Version 12.00
# Visual Studio Version 17
VisualStudioVersion = 17.9.34728.123
MinimumVisualStudioVersion = 10.0.40219.1
Project("{8BC9CEB8-8B4A-11D0-8D11-00A0C91BC942}") = "Lab05", "Lab05.vcxproj", "{A25C736A-74D1-49CE-82DE-24A66DB079C0}"
EndProject
Global
	GlobalSection(SolutionConfigurationPlatforms) = preSolution
		Debug|x64 = Debug|x64
		Debug|x86 = Debug|x86
		Release|x64 = Release|x64
		Release|x86 = Release|x86
	EndGlobalSection
	GlobalSection(ProjectConfigurationPlatforms) = postSolution
		{A25C736A-74D1-49CE-82DE-24A66DB079C0}.Debug|x64.ActiveCfg = Debug|x64
		{A25C736A-74D1-49CE-82DE-24A66DB079C0}.Debug|x64.Build.0 = Debug|x64
		{A25C736A-74D1-49CE-82DE-24A66DB079C0}.Debug|x86.ActiveCfg = Debug|Win32
		{A25C736A-74D1-49CE-82DE-24A66DB079C0}.Debug|x86.Build.0 = Debug|Win32
		{A25C736A-74D1-49CE-82DE-24A66DB079C0}.Release|x64.ActiveCfg = Release|x64
		{A25C736A-74D1-49CE-82DE-24A66DB079C0}.Release|x64.Build.0 = Release|x64
		{A25C736A-74D1-49CE-82DE-24A66DB079C0}.Release|x86.ActiveCfg = Release|Win32
		{A25C736A-74D1-49CE-82DE-24A66DB079C0}.Release|x86.Build.0 = Release|Win32
	EndGlobalSection
	GlobalSection(SolutionProperties) = preSolution
		HideSolutionNode = FALSE
	EndGlobalSection
	GlobalSection(ExtensibilityGlobals) = postSolution
		SolutionGuid = {1CBB7BBA-D96F-4EF2-AC0B-B2E03C48CF79}
	EndGlobalSection
EndGlobal
